
Microsoft Visual Studio Solution File, Format Version 12.00
# Visual Studio Version 16
VisualStudioVersion = 16.0.32630.194
MinimumVisualStudioVersion = 10.0.40219.1
Project("{FAE04EC0-301F-11D3-BF4B-00C04F79EFBC}") = "MVC1", "MVC1\MVC1.csproj", "{54068504-5AED-4077-B922-44EA51BA9748}"
EndProject
Global
	GlobalSection(SolutionConfigurationPlatforms) = preSolution
		Debug|Any CPU = Debug|Any CPU
		Release|Any CPU = Release|Any CPU
	EndGlobalSection
	GlobalSection(ProjectConfigurationPlatforms) = postSolution
		{54068504-5AED-4077-B922-44EA51BA9748}.Debug|Any CPU.ActiveCfg = Debug|Any CPU
		{54068504-5AED-4077-B922-44EA51BA9748}.Debug|Any CPU.Build.0 = Debug|Any CPU
		{54068504-5AED-4077-B922-44EA51BA9748}.Release|Any CPU.ActiveCfg = Release|Any CPU
		{54068504-5AED-4077-B922-44EA51BA9748}.Release|Any CPU.Build.0 = Release|Any CPU
	EndGlobalSection
	GlobalSection(SolutionProperties) = preSolution
		HideSolutionNode = FALSE
	EndGlobalSection
	GlobalSection(ExtensibilityGlobals) = postSolution
		SolutionGuid = {6D37654B-3A82-40DD-B709-1329A2CEAA58}
	EndGlobalSection
EndGlobal
